// !$*UTF8*$!
{
	archiveVersion = 1;
	classes = {
	};
	objectVersion = 50;
	objects = {

/* Begin PBXBuildFile section */
		A0F9F29324D4E3610092C42A /* AppDelegate.swift in Sources */ = {isa = PBXBuildFile; fileRef = A0F9F29224D4E3610092C42A /* AppDelegate.swift */; };
		A0F9F29524D4E3610092C42A /* ViewController.swift in Sources */ = {isa = PBXBuildFile; fileRef = A0F9F29424D4E3610092C42A /* ViewController.swift */; };
		A0F9F29824D4E3610092C42A /* Main.storyboard in Resources */ = {isa = PBXBuildFile; fileRef = A0F9F29624D4E3610092C42A /* Main.storyboard */; };
		A0F9F29A24D4E3650092C42A /* Assets.xcassets in Resources */ = {isa = PBXBuildFile; fileRef = A0F9F29924D4E3650092C42A /* Assets.xcassets */; };
		A0F9F29D24D4E3650092C42A /* LaunchScreen.storyboard in Resources */ = {isa = PBXBuildFile; fileRef = A0F9F29B24D4E3650092C42A /* LaunchScreen.storyboard */; };
		A0F9F2A824D4E3650092C42A /* PruebaTests.swift in Sources */ = {isa = PBXBuildFile; fileRef = A0F9F2A724D4E3650092C42A /* PruebaTests.swift */; };
		A0F9F2B324D4E3650092C42A /* PruebaUITests.swift in Sources */ = {isa = PBXBuildFile; fileRef = A0F9F2B224D4E3650092C42A /* PruebaUITests.swift */; };
/* End PBXBuildFile section */

/* Begin PBXContainerItemProxy section */
		A0F9F2A424D4E3650092C42A /* PBXContainerItemProxy */ = {
			isa = PBXContainerItemProxy;
			containerPortal = A0F9F28724D4E3610092C42A /* Project object */;
			proxyType = 1;
			remoteGlobalIDString = A0F9F28E24D4E3610092C42A;
			remoteInfo = Prueba;
		};
		A0F9F2AF24D4E3650092C42A /* PBXContainerItemProxy */ = {
			isa = PBXContainerItemProxy;
			containerPortal = A0F9F28724D4E3610092C42A /* Project object */;
			proxyType = 1;
			remoteGlobalIDString = A0F9F28E24D4E3610092C42A;
			remoteInfo = Prueba;
		};
/* End PBXContainerItemProxy section */

/* Begin PBXFileReference section */
		A0F9F28F24D4E3610092C42A /* Prueba.app */ = {isa = PBXFileReference; explicitFileType = wrapper.application; includeInIndex = 0; path = Prueba.app; sourceTree = BUILT_PRODUCTS_DIR; };
		A0F9F29224D4E3610092C42A /* AppDelegate.swift */ = {isa = PBXFileReference; lastKnownFileType = sourcecode.swift; path = AppDelegate.swift; sourceTree = "<group>"; };
		A0F9F29424D4E3610092C42A /* ViewController.swift */ = {isa = PBXFileReference; lastKnownFileType = sourcecode.swift; path = ViewController.swift; sourceTree = "<group>"; };
		A0F9F29724D4E3610092C42A /* Base */ = {isa = PBXFileReference; lastKnownFileType = file.storyboard; name = Base; path = Base.lproj/Main.storyboard; sourceTree = "<group>"; };
		A0F9F29924D4E3650092C42A /* Assets.xcassets */ = {isa = PBXFileReference; lastKnownFileType = folder.assetcatalog; path = Assets.xcassets; sourceTree = "<group>"; };
		A0F9F29C24D4E3650092C42A /* Base */ = {isa = PBXFileReference; lastKnownFileType = file.storyboard; name = Base; path = Base.lproj/LaunchScreen.storyboard; sourceTree = "<group>"; };
		A0F9F29E24D4E3650092C42A /* Info.plist */ = {isa = PBXFileReference; lastKnownFileType = text.plist.xml; path = Info.plist; sourceTree = "<group>"; };
		A0F9F2A324D4E3650092C42A /* PruebaTests.xctest */ = {isa = PBXFileReference; explicitFileType = wrapper.cfbundle; includeInIndex = 0; path = PruebaTests.xctest; sourceTree = BUILT_PRODUCTS_DIR; };
		A0F9F2A724D4E3650092C42A /* PruebaTests.swift */ = {isa = PBXFileReference; lastKnownFileType = sourcecode.swift; path = PruebaTests.swift; sourceTree = "<group>"; };
		A0F9F2A924D4E3650092C42A /* Info.plist */ = {isa = PBXFileReference; lastKnownFileType = text.plist.xml; path = Info.plist; sourceTree = "<group>"; };
		A0F9F2AE24D4E3650092C42A /* PruebaUITests.xctest */ = {isa = PBXFileReference; explicitFileType = wrapper.cfbundle; includeInIndex = 0; path = PruebaUITests.xctest; sourceTree = BUILT_PRODUCTS_DIR; };
		A0F9F2B224D4E3650092C42A /* PruebaUITests.swift */ = {isa = PBXFileReference; lastKnownFileType = sourcecode.swift; path = PruebaUITests.swift; sourceTree = "<group>"; };
		A0F9F2B424D4E3650092C42A /* Info.plist */ = {isa = PBXFileReference; lastKnownFileType = text.plist.xml; path = Info.plist; sourceTree = "<group>"; };
/* End PBXFileReference section */

/* Begin PBXFrameworksBuildPhase section */
		A0F9F28C24D4E3610092C42A /* Frameworks */ = {
			isa = PBXFrameworksBuildPhase;
			buildActionMask = 2147483647;
			files = (
			);
			runOnlyForDeploymentPostprocessing = 0;
		};
		A0F9F2A024D4E3650092C42A /* Frameworks */ = {
			isa = PBXFrameworksBuildPhase;
			buildActionMask = 2147483647;
			files = (
			);
			runOnlyForDeploymentPostprocessing = 0;
		};
		A0F9F2AB24D4E3650092C42A /* Frameworks */ = {
			isa = PBXFrameworksBuildPhase;
			buildActionMask = 2147483647;
			files = (
			);
			runOnlyForDeploymentPostprocessing = 0;
		};
/* End PBXFrameworksBuildPhase section */

/* Begin PBXGroup section */
		A0F9F28624D4E3610092C42A = {
			isa = PBXGroup;
			children = (
				A0F9F29124D4E3610092C42A /* Prueba */,
				A0F9F2A624D4E3650092C42A /* PruebaTests */,
				A0F9F2B124D4E3650092C42A /* PruebaUITests */,
				A0F9F29024D4E3610092C42A /* Products */,
			);
			sourceTree = "<group>";
		};
		A0F9F29024D4E3610092C42A /* Products */ = {
			isa = PBXGroup;
			children = (
				A0F9F28F24D4E3610092C42A /* Prueba.app */,
				A0F9F2A324D4E3650092C42A /* PruebaTests.xctest */,
				A0F9F2AE24D4E3650092C42A /* PruebaUITests.xctest */,
			);
			name = Products;
			sourceTree = "<group>";
		};
		A0F9F29124D4E3610092C42A /* Prueba */ = {
			isa = PBXGroup;
			children = (
				A0F9F29224D4E3610092C42A /* AppDelegate.swift */,
				A0F9F29424D4E3610092C42A /* ViewController.swift */,
				A0F9F29624D4E3610092C42A /* Main.storyboard */,
				A0F9F29924D4E3650092C42A /* Assets.xcassets */,
				A0F9F29B24D4E3650092C42A /* LaunchScreen.storyboard */,
				A0F9F29E24D4E3650092C42A /* Info.plist */,
			);
			path = Prueba;
			sourceTree = "<group>";
		};
		A0F9F2A624D4E3650092C42A /* PruebaTests */ = {
			isa = PBXGroup;
			children = (
				A0F9F2A724D4E3650092C42A /* PruebaTests.swift */,
				A0F9F2A924D4E3650092C42A /* Info.plist */,
			);
			path = PruebaTests;
			sourceTree = "<group>";
		};
		A0F9F2B124D4E3650092C42A /* PruebaUITests */ = {
			isa = PBXGroup;
			children = (
				A0F9F2B224D4E3650092C42A /* PruebaUITests.swift */,
				A0F9F2B424D4E3650092C42A /* Info.plist */,
			);
			path = PruebaUITests;
			sourceTree = "<group>";
		};
/* End PBXGroup section */

/* Begin PBXNativeTarget section */
		A0F9F28E24D4E3610092C42A /* Prueba */ = {
			isa = PBXNativeTarget;
			buildConfigurationList = A0F9F2B724D4E3650092C42A /* Build configuration list for PBXNativeTarget "Prueba" */;
			buildPhases = (
				A0F9F28B24D4E3610092C42A /* Sources */,
				A0F9F28C24D4E3610092C42A /* Frameworks */,
				A0F9F28D24D4E3610092C42A /* Resources */,
			);
			buildRules = (
			);
			dependencies = (
			);
			name = Prueba;
			productName = Prueba;
			productReference = A0F9F28F24D4E3610092C42A /* Prueba.app */;
			productType = "com.apple.product-type.application";
		};
		A0F9F2A224D4E3650092C42A /* PruebaTests */ = {
			isa = PBXNativeTarget;
			buildConfigurationList = A0F9F2BA24D4E3650092C42A /* Build configuration list for PBXNativeTarget "PruebaTests" */;
			buildPhases = (
				A0F9F29F24D4E3650092C42A /* Sources */,
				A0F9F2A024D4E3650092C42A /* Frameworks */,
				A0F9F2A124D4E3650092C42A /* Resources */,
			);
			buildRules = (
			);
			dependencies = (
				A0F9F2A524D4E3650092C42A /* PBXTargetDependency */,
			);
			name = PruebaTests;
			productName = PruebaTests;
			productReference = A0F9F2A324D4E3650092C42A /* PruebaTests.xctest */;
			productType = "com.apple.product-type.bundle.unit-test";
		};
		A0F9F2AD24D4E3650092C42A /* PruebaUITests */ = {
			isa = PBXNativeTarget;
			buildConfigurationList = A0F9F2BD24D4E3650092C42A /* Build configuration list for PBXNativeTarget "PruebaUITests" */;
			buildPhases = (
				A0F9F2AA24D4E3650092C42A /* Sources */,
				A0F9F2AB24D4E3650092C42A /* Frameworks */,
				A0F9F2AC24D4E3650092C42A /* Resources */,
			);
			buildRules = (
			);
			dependencies = (
				A0F9F2B024D4E3650092C42A /* PBXTargetDependency */,
			);
			name = PruebaUITests;
			productName = PruebaUITests;
			productReference = A0F9F2AE24D4E3650092C42A /* PruebaUITests.xctest */;
			productType = "com.apple.product-type.bundle.ui-testing";
		};
/* End PBXNativeTarget section */

/* Begin PBXProject section */
		A0F9F28724D4E3610092C42A /* Project object */ = {
			isa = PBXProject;
			attributes = {
				LastSwiftUpdateCheck = 1010;
				LastUpgradeCheck = 1010;
				ORGANIZATIONNAME = "Luis Montero";
				TargetAttributes = {
					A0F9F28E24D4E3610092C42A = {
						CreatedOnToolsVersion = 10.1;
					};
					A0F9F2A224D4E3650092C42A = {
						CreatedOnToolsVersion = 10.1;
						TestTargetID = A0F9F28E24D4E3610092C42A;
					};
					A0F9F2AD24D4E3650092C42A = {
						CreatedOnToolsVersion = 10.1;
						TestTargetID = A0F9F28E24D4E3610092C42A;
					};
				};
			};
			buildConfigurationList = A0F9F28A24D4E3610092C42A /* Build configuration list for PBXProject "Prueba" */;
			compatibilityVersion = "Xcode 9.3";
			developmentRegion = en;
			hasScannedForEncodings = 0;
			knownRegions = (
				en,
				Base,
			);
			mainGroup = A0F9F28624D4E3610092C42A;
			productRefGroup = A0F9F29024D4E3610092C42A /* Products */;
			projectDirPath = "";
			projectRoot = "";
			targets = (
				A0F9F28E24D4E3610092C42A /* Prueba */,
				A0F9F2A224D4E3650092C42A /* PruebaTests */,
				A0F9F2AD24D4E3650092C42A /* PruebaUITests */,
			);
		};
/* End PBXProject section */

/* Begin PBXResourcesBuildPhase section */
		A0F9F28D24D4E3610092C42A /* Resources */ = {
			isa = PBXResourcesBuildPhase;
			buildActionMask = 2147483647;
			files = (
				A0F9F29D24D4E3650092C42A /* LaunchScreen.storyboard in Resources */,
				A0F9F29A24D4E3650092C42A /* Assets.xcassets in Resources */,
				A0F9F29824D4E3610092C42A /* Main.storyboard in Resources */,
			);
			runOnlyForDeploymentPostprocessing = 0;
		};
		A0F9F2A124D4E3650092C42A /* Resources */ = {
			isa = PBXResourcesBuildPhase;
			buildActionMask = 2147483647;
			files = (
			);
			runOnlyForDeploymentPostprocessing = 0;
		};
		A0F9F2AC24D4E3650092C42A /* Resources */ = {
			isa = PBXResourcesBuildPhase;
			buildActionMask = 2147483647;
			files = (
			);
			runOnlyForDeploymentPostprocessing = 0;
		};
/* End PBXResourcesBuildPhase section */

/* Begin PBXSourcesBuildPhase section */
		A0F9F28B24D4E3610092C42A /* Sources */ = {
			isa = PBXSourcesBuildPhase;
			buildActionMask = 2147483647;
			files = (
				A0F9F29524D4E3610092C42A /* ViewController.swift in Sources */,
				A0F9F29324D4E3610092C42A /* AppDelegate.swift in Sources */,
			);
			runOnlyForDeploymentPostprocessing = 0;
		};
		A0F9F29F24D4E3650092C42A /* Sources */ = {
			isa = PBXSourcesBuildPhase;
			buildActionMask = 2147483647;
			files = (
				A0F9F2A824D4E3650092C42A /* PruebaTests.swift in Sources */,
			);
			runOnlyForDeploymentPostprocessing = 0;
		};
		A0F9F2AA24D4E3650092C42A /* Sources */ = {
			isa = PBXSourcesBuildPhase;
			buildActionMask = 2147483647;
			files = (
				A0F9F2B324D4E3650092C42A /* PruebaUITests.swift in Sources */,
			);
			runOnlyForDeploymentPostprocessing = 0;
		};
/* End PBXSourcesBuildPhase section */

/* Begin PBXTargetDependency section */
		A0F9F2A524D4E3650092C42A /* PBXTargetDependency */ = {
			isa = PBXTargetDependency;
			target = A0F9F28E24D4E3610092C42A /* Prueba */;
			targetProxy = A0F9F2A424D4E3650092C42A /* PBXContainerItemProxy */;
		};
		A0F9F2B024D4E3650092C42A /* PBXTargetDependency */ = {
			isa = PBXTargetDependency;
			target = A0F9F28E24D4E3610092C42A /* Prueba */;
			targetProxy = A0F9F2AF24D4E3650092C42A /* PBXContainerItemProxy */;
		};
/* End PBXTargetDependency section */

/* Begin PBXVariantGroup section */
		A0F9F29624D4E3610092C42A /* Main.storyboard */ = {
			isa = PBXVariantGroup;
			children = (
				A0F9F29724D4E3610092C42A /* Base */,
			);
			name = Main.storyboard;
			sourceTree = "<group>";
		};
		A0F9F29B24D4E3650092C42A /* LaunchScreen.storyboard */ = {
			isa = PBXVariantGroup;
			children = (
				A0F9F29C24D4E3650092C42A /* Base */,
			);
			name = LaunchScreen.storyboard;
			sourceTree = "<group>";
		};
/* End PBXVariantGroup section */

/* Begin XCBuildConfiguration section */
		A0F9F2B524D4E3650092C42A /* Debug */ = {
			isa = XCBuildConfiguration;
			buildSettings = {
				ALWAYS_SEARCH_USER_PATHS = NO;
				CLANG_ANALYZER_NONNULL = YES;
				CLANG_ANALYZER_NUMBER_OBJECT_CONVERSION = YES_AGGRESSIVE;
				CLANG_CXX_LANGUAGE_STANDARD = "gnu++14";
				CLANG_CXX_LIBRARY = "libc++";
				CLANG_ENABLE_MODULES = YES;
				CLANG_ENABLE_OBJC_ARC = YES;
				CLANG_ENABLE_OBJC_WEAK = YES;
				CLANG_WARN_BLOCK_CAPTURE_AUTORELEASING = YES;
				CLANG_WARN_BOOL_CONVERSION = YES;
				CLANG_WARN_COMMA = YES;
				CLANG_WARN_CONSTANT_CONVERSION = YES;
				CLANG_WARN_DEPRECATED_OBJC_IMPLEMENTATIONS = YES;
				CLANG_WARN_DIRECT_OBJC_ISA_USAGE = YES_ERROR;
				CLANG_WARN_DOCUMENTATION_COMMENTS = YES;
				CLANG_WARN_EMPTY_BODY = YES;
				CLANG_WARN_ENUM_CONVERSION = YES;
				CLANG_WARN_INFINITE_RECURSION = YES;
				CLANG_WARN_INT_CONVERSION = YES;
				CLANG_WARN_NON_LITERAL_NULL_CONVERSION = YES;
				CLANG_WARN_OBJC_IMPLICIT_RETAIN_SELF = YES;
				CLANG_WARN_OBJC_LITERAL_CONVERSION = YES;
				CLANG_WARN_OBJC_ROOT_CLASS = YES_ERROR;
				CLANG_WARN_RANGE_LOOP_ANALYSIS = YES;
				CLANG_WARN_STRICT_PROTOTYPES = YES;
				CLANG_WARN_SUSPICIOUS_MOVE = YES;
				CLANG_WARN_UNGUARDED_AVAILABILITY = YES_AGGRESSIVE;
				CLANG_WARN_UNREACHABLE_CODE = YES;
				CLANG_WARN__DUPLICATE_METHOD_MATCH = YES;
				CODE_SIGN_IDENTITY = "iPhone Developer";
				COPY_PHASE_STRIP = NO;
				DEBUG_INFORMATION_FORMAT = dwarf;
				ENABLE_STRICT_OBJC_MSGSEND = YES;
				ENABLE_TESTABILITY = YES;
				GCC_C_LANGUAGE_STANDARD = gnu11;
				GCC_DYNAMIC_NO_PIC = NO;
				GCC_NO_COMMON_BLOCKS = YES;
				GCC_OPTIMIZATION_LEVEL = 0;
				GCC_PREPROCESSOR_DEFINITIONS = (
					"DEBUG=1",
					"$(inherited)",
				);
				GCC_WARN_64_TO_32_BIT_CONVERSION = YES;
				GCC_WARN_ABOUT_RETURN_TYPE = YES_ERROR;
				GCC_WARN_UNDECLARED_SELECTOR = YES;
				GCC_WARN_UNINITIALIZED_AUTOS = YES_AGGRESSIVE;
				GCC_WARN_UNUSED_FUNCTION = YES;
				GCC_WARN_UNUSED_VARIABLE = YES;
				IPHONEOS_DEPLOYMENT_TARGET = 12.1;
				MTL_ENABLE_DEBUG_INFO = INCLUDE_SOURCE;
				MTL_FAST_MATH = YES;
				ONLY_ACTIVE_ARCH = YES;
				SDKROOT = iphoneos;
				SWIFT_ACTIVE_COMPILATION_CONDITIONS = DEBUG;
				SWIFT_OPTIMIZATION_LEVEL = "-Onone";
			};
			name = Debug;
		};
		A0F9F2B624D4E3650092C42A /* Release */ = {
			isa = XCBuildConfiguration;
			buildSettings = {
				ALWAYS_SEARCH_USER_PATHS = NO;
				CLANG_ANALYZER_NONNULL = YES;
				CLANG_ANALYZER_NUMBER_OBJECT_CONVERSION = YES_AGGRESSIVE;
				CLANG_CXX_LANGUAGE_STANDARD = "gnu++14";
				CLANG_CXX_LIBRARY = "libc++";
				CLANG_ENABLE_MODULES = YES;
				CLANG_ENABLE_OBJC_ARC = YES;
				CLANG_ENABLE_OBJC_WEAK = YES;
				CLANG_WARN_BLOCK_CAPTURE_AUTORELEASING = YES;
				CLANG_WARN_BOOL_CONVERSION = YES;
				CLANG_WARN_COMMA = YES;
				CLANG_WARN_CONSTANT_CONVERSION = YES;
				CLANG_WARN_DEPRECATED_OBJC_IMPLEMENTATIONS = YES;
				CLANG_WARN_DIRECT_OBJC_ISA_USAGE = YES_ERROR;
				CLANG_WARN_DOCUMENTATION_COMMENTS = YES;
				CLANG_WARN_EMPTY_BODY = YES;
				CLANG_WARN_ENUM_CONVERSION = YES;
				CLANG_WARN_INFINITE_RECURSION = YES;
				CLANG_WARN_INT_CONVERSION = YES;
				CLANG_WARN_NON_LITERAL_NULL_CONVERSION = YES;
				CLANG_WARN_OBJC_IMPLICIT_RETAIN_SELF = YES;
				CLANG_WARN_OBJC_LITERAL_CONVERSION = YES;
				CLANG_WARN_OBJC_ROOT_CLASS = YES_ERROR;
				CLANG_WARN_RANGE_LOOP_ANALYSIS = YES;
				CLANG_WARN_STRICT_PROTOTYPES = YES;
				CLANG_WARN_SUSPICIOUS_MOVE = YES;
				CLANG_WARN_UNGUARDED_AVAILABILITY = YES_AGGRESSIVE;
				CLANG_WARN_UNREACHABLE_CODE = YES;
				CLANG_WARN__DUPLICATE_METHOD_MATCH = YES;
				CODE_SIGN_IDENTITY = "iPhone Developer";
				COPY_PHASE_STRIP = NO;
				DEBUG_INFORMATION_FORMAT = "dwarf-with-dsym";
				ENABLE_NS_ASSERTIONS = NO;
				ENABLE_STRICT_OBJC_MSGSEND = YES;
				GCC_C_LANGUAGE_STANDARD = gnu11;
				GCC_NO_COMMON_BLOCKS = YES;
				GCC_WARN_64_TO_32_BIT_CONVERSION = YES;
				GCC_WARN_ABOUT_RETURN_TYPE = YES_ERROR;
				GCC_WARN_UNDECLARED_SELECTOR = YES;
				GCC_WARN_UNINITIALIZED_AUTOS = YES_AGGRESSIVE;
				GCC_WARN_UNUSED_FUNCTION = YES;
				GCC_WARN_UNUSED_VARIABLE = YES;
				IPHONEOS_DEPLOYMENT_TARGET = 12.1;
				MTL_ENABLE_DEBUG_INFO = NO;
				MTL_FAST_MATH = YES;
				SDKROOT = iphoneos;
				SWIFT_COMPILATION_MODE = wholemodule;
				SWIFT_OPTIMIZATION_LEVEL = "-O";
				VALIDATE_PRODUCT = YES;
			};
			name = Release;
		};
		A0F9F2B824D4E3650092C42A /* Debug */ = {
			isa = XCBuildConfiguration;
			buildSettings = {
				ASSETCATALOG_COMPILER_APPICON_NAME = AppIcon;
				CODE_SIGN_STYLE = Automatic;
				DEVELOPMENT_TEAM = Z7J6LN2ZRX;
				INFOPLIST_FILE = Prueba/Info.plist;
				LD_RUNPATH_SEARCH_PATHS = (
					"$(inherited)",
					"@executable_path/Frameworks",
				);
				PRODUCT_BUNDLE_IDENTIFIER = Luis.Montero.Garcia.Manjaron.Prueba;
				PRODUCT_NAME = "$(TARGET_NAME)";
				SWIFT_VERSION = 4.2;
				TARGETED_DEVICE_FAMILY = "1,2";
			};
			name = Debug;
		};
		A0F9F2B924D4E3650092C42A /* Release */ = {
			isa = XCBuildConfiguration;
			buildSettings = {
				ASSETCATALOG_COMPILER_APPICON_NAME = AppIcon;
				CODE_SIGN_STYLE = Automatic;
				DEVELOPMENT_TEAM = Z7J6LN2ZRX;
				INFOPLIST_FILE = Prueba/Info.plist;
				LD_RUNPATH_SEARCH_PATHS = (
					"$(inherited)",
					"@executable_path/Frameworks",
				);
				PRODUCT_BUNDLE_IDENTIFIER = Luis.Montero.Garcia.Manjaron.Prueba;
				PRODUCT_NAME = "$(TARGET_NAME)";
				SWIFT_VERSION = 4.2;
				TARGETED_DEVICE_FAMILY = "1,2";
			};
			name = Release;
		};
		A0F9F2BB24D4E3650092C42A /* Debug */ = {
			isa = XCBuildConfiguration;
			buildSettings = {
				ALWAYS_EMBED_SWIFT_STANDARD_LIBRARIES = YES;
				BUNDLE_LOADER = "$(TEST_HOST)";
				CODE_SIGN_STYLE = Automatic;
				DEVELOPMENT_TEAM = Z7J6LN2ZRX;
				INFOPLIST_FILE = PruebaTests/Info.plist;
				LD_RUNPATH_SEARCH_PATHS = (
					"$(inherited)",
					"@executable_path/Frameworks",
					"@loader_path/Frameworks",
				);
				PRODUCT_BUNDLE_IDENTIFIER = Luis.Montero.Garcia.Manjaron.PruebaTests;
				PRODUCT_NAME = "$(TARGET_NAME)";
				SWIFT_VERSION = 4.2;
				TARGETED_DEVICE_FAMILY = "1,2";
				TEST_HOST = "$(BUILT_PRODUCTS_DIR)/Prueba.app/Prueba";
			};
			name = Debug;
		};
		A0F9F2BC24D4E3650092C42A /* Release */ = {
			isa = XCBuildConfiguration;
			buildSettings = {
				ALWAYS_EMBED_SWIFT_STANDARD_LIBRARIES = YES;
				BUNDLE_LOADER = "$(TEST_HOST)";
				CODE_SIGN_STYLE = Automatic;
				DEVELOPMENT_TEAM = Z7J6LN2ZRX;
				INFOPLIST_FILE = PruebaTests/Info.plist;
				LD_RUNPATH_SEARCH_PATHS = (
					"$(inherited)",
					"@executable_path/Frameworks",
					"@loader_path/Frameworks",
				);
				PRODUCT_BUNDLE_IDENTIFIER = Luis.Montero.Garcia.Manjaron.PruebaTests;
				PRODUCT_NAME = "$(TARGET_NAME)";
				SWIFT_VERSION = 4.2;
				TARGETED_DEVICE_FAMILY = "1,2";
				TEST_HOST = "$(BUILT_PRODUCTS_DIR)/Prueba.app/Prueba";
			};
			name = Release;
		};
		A0F9F2BE24D4E3650092C42A /* Debug */ = {
			isa = XCBuildConfiguration;
			buildSettings = {
				ALWAYS_EMBED_SWIFT_STANDARD_LIBRARIES = YES;
				CODE_SIGN_STYLE = Automatic;
				DEVELOPMENT_TEAM = Z7J6LN2ZRX;
				INFOPLIST_FILE = PruebaUITests/Info.plist;
				LD_RUNPATH_SEARCH_PATHS = (
					"$(inherited)",
					"@executable_path/Frameworks",
					"@loader_path/Frameworks",
				);
				PRODUCT_BUNDLE_IDENTIFIER = Luis.Montero.Garcia.Manjaron.PruebaUITests;
				PRODUCT_NAME = "$(TARGET_NAME)";
				SWIFT_VERSION = 4.2;
				TARGETED_DEVICE_FAMILY = "1,2";
				TEST_TARGET_NAME = Prueba;
			};
			name = Debug;
		};
		A0F9F2BF24D4E3650092C42A /* Release */ = {
			isa = XCBuildConfiguration;
			buildSettings = {
				ALWAYS_EMBED_SWIFT_STANDARD_LIBRARIES = YES;
				CODE_SIGN_STYLE = Automatic;
				DEVELOPMENT_TEAM = Z7J6LN2ZRX;
				INFOPLIST_FILE = PruebaUITests/Info.plist;
				LD_RUNPATH_SEARCH_PATHS = (
					"$(inherited)",
					"@executable_path/Frameworks",
					"@loader_path/Frameworks",
				);
				PRODUCT_BUNDLE_IDENTIFIER = Luis.Montero.Garcia.Manjaron.PruebaUITests;
				PRODUCT_NAME = "$(TARGET_NAME)";
				SWIFT_VERSION = 4.2;
				TARGETED_DEVICE_FAMILY = "1,2";
				TEST_TARGET_NAME = Prueba;
			};
			name = Release;
		};
/* End XCBuildConfiguration section */

/* Begin XCConfigurationList section */
		A0F9F28A24D4E3610092C42A /* Build configuration list for PBXProject "Prueba" */ = {
			isa = XCConfigurationList;
			buildConfigurations = (
				A0F9F2B524D4E3650092C42A /* Debug */,
				A0F9F2B624D4E3650092C42A /* Release */,
			);
			defaultConfigurationIsVisible = 0;
			defaultConfigurationName = Release;
		};
		A0F9F2B724D4E3650092C42A /* Build configuration list for PBXNativeTarget "Prueba" */ = {
			isa = XCConfigurationList;
			buildConfigurations = (
				A0F9F2B824D4E3650092C42A /* Debug */,
				A0F9F2B924D4E3650092C42A /* Release */,
			);
			defaultConfigurationIsVisible = 0;
			defaultConfigurationName = Release;
		};
		A0F9F2BA24D4E3650092C42A /* Build configuration list for PBXNativeTarget "PruebaTests" */ = {
			isa = XCConfigurationList;
			buildConfigurations = (
				A0F9F2BB24D4E3650092C42A /* Debug */,
				A0F9F2BC24D4E3650092C42A /* Release */,
			);
			defaultConfigurationIsVisible = 0;
			defaultConfigurationName = Release;
		};
		A0F9F2BD24D4E3650092C42A /* Build configuration list for PBXNativeTarget "PruebaUITests" */ = {
			isa = XCConfigurationList;
			buildConfigurations = (
				A0F9F2BE24D4E3650092C42A /* Debug */,
				A0F9F2BF24D4E3650092C42A /* Release */,
			);
			defaultConfigurationIsVisible = 0;
			defaultConfigurationName = Release;
		};
/* End XCConfigurationList section */
	};
	rootObject = A0F9F28724D4E3610092C42A /* Project object */;
}
